{
  "name": "relatorio",
  "lockfileVersion": 3,
  "requires": true,
  "packages": {
    "": {
      "dependencies": {
        "excellentexport": "^3.9.6"
      }
    },
    "node_modules/excellentexport": {
      "version": "3.9.6",
      "resolved": "https://registry.npmjs.org/excellentexport/-/excellentexport-3.9.6.tgz",
      "integrity": "sha512-jZDdpI9snrH1lAyzEQU05/7LcW1dv5T15dI16oYCb0Ng+JJctJA4vD9KH1Ltq9IIBek/hp5HgpAS0edKa9XxNg==",
      "hasInstallScript": true
    }
  }
}
